{
  "name": "@nova/help",
  "version": "0.1.0",
  "lockfileVersion": 3,
  "requires": true,
  "packages": {
    "": {
      "name": "@nova/help",
      "version": "0.1.0",
      "workspaces": [
        "packages/*"
      ],
      "engines": {
        "node": ">=20"
      }
    },
    "node_modules/@nova/accounts": {
      "resolved": "packages/nova-accounts",
      "link": true
    },
    "packages/nova-accounts": {
      "name": "@nova/accounts",
      "version": "1.0.0",
      "engines": {
        "node": ">=20"
      }
    }
  }
}
